
Microsoft Visual Studio Solution File, Format Version 12.00
# Visual Studio Version 17
VisualStudioVersion = 17.5.2.0
MinimumVisualStudioVersion = 10.0.40219.1
Project("{2150E333-8FDC-42A3-9474-1A3956D46DE8}") = "src", "src", "{827E0CD3-B72D-47B6-A68D-7590B98EB39B}"
EndProject
Project("{FAE04EC0-301F-11D3-BF4B-00C04F79EFBC}") = "Domain", "src\Domain\Domain.csproj", "{45182900-FCB4-45BA-A954-1C1F39D0129F}"
EndProject
Project("{FAE04EC0-301F-11D3-BF4B-00C04F79EFBC}") = "Application", "src\Application\Application.csproj", "{1BD61AB0-3AC1-45D3-8FCE-4A01F0D7C1F3}"
EndProject
Project("{FAE04EC0-301F-11D3-BF4B-00C04F79EFBC}") = "Infrastructure", "src\Infrastructure\Infrastructure.csproj", "{4D6037A7-3B7E-45FD-82DA-76107F369499}"
EndProject
Project("{FAE04EC0-301F-11D3-BF4B-00C04F79EFBC}") = "Api", "src\Api\Api.csproj", "{EC4C0F71-F577-45F9-AB5D-40E8494B9D80}"
EndProject
Global
	GlobalSection(SolutionConfigurationPlatforms) = preSolution
		Debug|Any CPU = Debug|Any CPU
		Debug|x64 = Debug|x64
		Debug|x86 = Debug|x86
		Release|Any CPU = Release|Any CPU
		Release|x64 = Release|x64
		Release|x86 = Release|x86
	EndGlobalSection
	GlobalSection(ProjectConfigurationPlatforms) = postSolution
		{45182900-FCB4-45BA-A954-1C1F39D0129F}.Debug|Any CPU.ActiveCfg = Debug|Any CPU
		{45182900-FCB4-45BA-A954-1C1F39D0129F}.Debug|Any CPU.Build.0 = Debug|Any CPU
		{45182900-FCB4-45BA-A954-1C1F39D0129F}.Debug|x64.ActiveCfg = Debug|Any CPU
		{45182900-FCB4-45BA-A954-1C1F39D0129F}.Debug|x64.Build.0 = Debug|Any CPU
		{45182900-FCB4-45BA-A954-1C1F39D0129F}.Debug|x86.ActiveCfg = Debug|Any CPU
		{45182900-FCB4-45BA-A954-1C1F39D0129F}.Debug|x86.Build.0 = Debug|Any CPU
		{45182900-FCB4-45BA-A954-1C1F39D0129F}.Release|Any CPU.ActiveCfg = Release|Any CPU
		{45182900-FCB4-45BA-A954-1C1F39D0129F}.Release|Any CPU.Build.0 = Release|Any CPU
		{45182900-FCB4-45BA-A954-1C1F39D0129F}.Release|x64.ActiveCfg = Release|Any CPU
		{45182900-FCB4-45BA-A954-1C1F39D0129F}.Release|x64.Build.0 = Release|Any CPU
		{45182900-FCB4-45BA-A954-1C1F39D0129F}.Release|x86.ActiveCfg = Release|Any CPU
		{45182900-FCB4-45BA-A954-1C1F39D0129F}.Release|x86.Build.0 = Release|Any CPU
		{1BD61AB0-3AC1-45D3-8FCE-4A01F0D7C1F3}.Debug|Any CPU.ActiveCfg = Debug|Any CPU
		{1BD61AB0-3AC1-45D3-8FCE-4A01F0D7C1F3}.Debug|Any CPU.Build.0 = Debug|Any CPU
		{1BD61AB0-3AC1-45D3-8FCE-4A01F0D7C1F3}.Debug|x64.ActiveCfg = Debug|Any CPU
		{1BD61AB0-3AC1-45D3-8FCE-4A01F0D7C1F3}.Debug|x64.Build.0 = Debug|Any CPU
		{1BD61AB0-3AC1-45D3-8FCE-4A01F0D7C1F3}.Debug|x86.ActiveCfg = Debug|Any CPU
		{1BD61AB0-3AC1-45D3-8FCE-4A01F0D7C1F3}.Debug|x86.Build.0 = Debug|Any CPU
		{1BD61AB0-3AC1-45D3-8FCE-4A01F0D7C1F3}.Release|Any CPU.ActiveCfg = Release|Any CPU
		{1BD61AB0-3AC1-45D3-8FCE-4A01F0D7C1F3}.Release|Any CPU.Build.0 = Release|Any CPU
		{1BD61AB0-3AC1-45D3-8FCE-4A01F0D7C1F3}.Release|x64.ActiveCfg = Release|Any CPU
		{1BD61AB0-3AC1-45D3-8FCE-4A01F0D7C1F3}.Release|x64.Build.0 = Release|Any CPU
		{1BD61AB0-3AC1-45D3-8FCE-4A01F0D7C1F3}.Release|x86.ActiveCfg = Release|Any CPU
		{1BD61AB0-3AC1-45D3-8FCE-4A01F0D7C1F3}.Release|x86.Build.0 = Release|Any CPU
		{4D6037A7-3B7E-45FD-82DA-76107F369499}.Debug|Any CPU.ActiveCfg = Debug|Any CPU
		{4D6037A7-3B7E-45FD-82DA-76107F369499}.Debug|Any CPU.Build.0 = Debug|Any CPU
		{4D6037A7-3B7E-45FD-82DA-76107F369499}.Debug|x64.ActiveCfg = Debug|Any CPU
		{4D6037A7-3B7E-45FD-82DA-76107F369499}.Debug|x64.Build.0 = Debug|Any CPU
		{4D6037A7-3B7E-45FD-82DA-76107F369499}.Debug|x86.ActiveCfg = Debug|Any CPU
		{4D6037A7-3B7E-45FD-82DA-76107F369499}.Debug|x86.Build.0 = Debug|Any CPU
		{4D6037A7-3B7E-45FD-82DA-76107F369499}.Release|Any CPU.ActiveCfg = Release|Any CPU
		{4D6037A7-3B7E-45FD-82DA-76107F369499}.Release|Any CPU.Build.0 = Release|Any CPU
		{4D6037A7-3B7E-45FD-82DA-76107F369499}.Release|x64.ActiveCfg = Release|Any CPU
		{4D6037A7-3B7E-45FD-82DA-76107F369499}.Release|x64.Build.0 = Release|Any CPU
		{4D6037A7-3B7E-45FD-82DA-76107F369499}.Release|x86.ActiveCfg = Release|Any CPU
		{4D6037A7-3B7E-45FD-82DA-76107F369499}.Release|x86.Build.0 = Release|Any CPU
		{EC4C0F71-F577-45F9-AB5D-40E8494B9D80}.Debug|Any CPU.ActiveCfg = Debug|Any CPU
		{EC4C0F71-F577-45F9-AB5D-40E8494B9D80}.Debug|Any CPU.Build.0 = Debug|Any CPU
		{EC4C0F71-F577-45F9-AB5D-40E8494B9D80}.Debug|x64.ActiveCfg = Debug|Any CPU
		{EC4C0F71-F577-45F9-AB5D-40E8494B9D80}.Debug|x64.Build.0 = Debug|Any CPU
		{EC4C0F71-F577-45F9-AB5D-40E8494B9D80}.Debug|x86.ActiveCfg = Debug|Any CPU
		{EC4C0F71-F577-45F9-AB5D-40E8494B9D80}.Debug|x86.Build.0 = Debug|Any CPU
		{EC4C0F71-F577-45F9-AB5D-40E8494B9D80}.Release|Any CPU.ActiveCfg = Release|Any CPU
		{EC4C0F71-F577-45F9-AB5D-40E8494B9D80}.Release|Any CPU.Build.0 = Release|Any CPU
		{EC4C0F71-F577-45F9-AB5D-40E8494B9D80}.Release|x64.ActiveCfg = Release|Any CPU
		{EC4C0F71-F577-45F9-AB5D-40E8494B9D80}.Release|x64.Build.0 = Release|Any CPU
		{EC4C0F71-F577-45F9-AB5D-40E8494B9D80}.Release|x86.ActiveCfg = Release|Any CPU
		{EC4C0F71-F577-45F9-AB5D-40E8494B9D80}.Release|x86.Build.0 = Release|Any CPU
	EndGlobalSection
	GlobalSection(SolutionProperties) = preSolution
		HideSolutionNode = FALSE
	EndGlobalSection
	GlobalSection(NestedProjects) = preSolution
		{45182900-FCB4-45BA-A954-1C1F39D0129F} = {827E0CD3-B72D-47B6-A68D-7590B98EB39B}
		{1BD61AB0-3AC1-45D3-8FCE-4A01F0D7C1F3} = {827E0CD3-B72D-47B6-A68D-7590B98EB39B}
		{4D6037A7-3B7E-45FD-82DA-76107F369499} = {827E0CD3-B72D-47B6-A68D-7590B98EB39B}
		{EC4C0F71-F577-45F9-AB5D-40E8494B9D80} = {827E0CD3-B72D-47B6-A68D-7590B98EB39B}
	EndGlobalSection
	GlobalSection(ExtensibilityGlobals) = postSolution
		SolutionGuid = {6813A521-BC45-41D0-A7E0-23FFBC7AD7D5}
	EndGlobalSection
EndGlobal
